// !$*UTF8*$!
{
	archiveVersion = 1;
	classes = {
	};
	objectVersion = 46;
	objects = {

/* Begin PBXBuildFile section */
		00712CCE1EF7B0A300A30777 /* main.m in Sources */ = {isa = PBXBuildFile; fileRef = 00712CCD1EF7B0A300A30777 /* main.m */; };
		00712CD11EF7B0A300A30777 /* AppDelegate.m in Sources */ = {isa = PBXBuildFile; fileRef = 00712CD01EF7B0A300A30777 /* AppDelegate.m */; };
		00712CD91EF7B0A300A30777 /* Assets.xcassets in Resources */ = {isa = PBXBuildFile; fileRef = 00712CD81EF7B0A300A30777 /* Assets.xcassets */; };
		00712CDC1EF7B0A300A30777 /* LaunchScreen.storyboard in Resources */ = {isa = PBXBuildFile; fileRef = 00712CDA1EF7B0A300A30777 /* LaunchScreen.storyboard */; };
		00712CE71EF7B0A300A30777 /* WebAppShellTests.m in Sources */ = {isa = PBXBuildFile; fileRef = 00712CE61EF7B0A300A30777 /* WebAppShellTests.m */; };
		00712CF21EF7B0A300A30777 /* WebAppShellUITests.m in Sources */ = {isa = PBXBuildFile; fileRef = 00712CF11EF7B0A300A30777 /* WebAppShellUITests.m */; };
		00712D401EF7B0FC00A30777 /* GCDHelper.m in Sources */ = {isa = PBXBuildFile; fileRef = 00712D361EF7B0FC00A30777 /* GCDHelper.m */; };
		00712D411EF7B0FC00A30777 /* PairValue.m in Sources */ = {isa = PBXBuildFile; fileRef = 00712D381EF7B0FC00A30777 /* PairValue.m */; };
		00712D421EF7B0FC00A30777 /* SafeTimer.m in Sources */ = {isa = PBXBuildFile; fileRef = 00712D3A1EF7B0FC00A30777 /* SafeTimer.m */; };
		00712D431EF7B0FC00A30777 /* YYUtility+App.m in Sources */ = {isa = PBXBuildFile; fileRef = 00712D3B1EF7B0FC00A30777 /* YYUtility+App.m */; };
		00712D441EF7B0FC00A30777 /* YYUtility+Carrier.m in Sources */ = {isa = PBXBuildFile; fileRef = 00712D3C1EF7B0FC00A30777 /* YYUtility+Carrier.m */; };
		00712D451EF7B0FC00A30777 /* YYUtility+Device.m in Sources */ = {isa = PBXBuildFile; fileRef = 00712D3D1EF7B0FC00A30777 /* YYUtility+Device.m */; };
		00712D461EF7B0FC00A30777 /* YYUtility.m in Sources */ = {isa = PBXBuildFile; fileRef = 00712D3F1EF7B0FC00A30777 /* YYUtility.m */; };
		00712D491EF7B13300A30777 /* AppConfig.m in Sources */ = {isa = PBXBuildFile; fileRef = 00712D481EF7B13300A30777 /* AppConfig.m */; };
		00712D581EF7D47900A30777 /* CommonLog.m in Sources */ = {isa = PBXBuildFile; fileRef = 00712D4C1EF7D47900A30777 /* CommonLog.m */; };
		00712D5A1EF7D47900A30777 /* YYLoggerFileCompress.m in Sources */ = {isa = PBXBuildFile; fileRef = 00712D511EF7D47900A30777 /* YYLoggerFileCompress.m */; };
		00712D5B1EF7D47900A30777 /* YYLoggerInternal.m in Sources */ = {isa = PBXBuildFile; fileRef = 00712D531EF7D47900A30777 /* YYLoggerInternal.m */; };
		00712D5C1EF7D47900A30777 /* YYLoggerManager.m in Sources */ = {isa = PBXBuildFile; fileRef = 00712D551EF7D47900A30777 /* YYLoggerManager.m */; };
		00712D5D1EF7D47900A30777 /* YYLoggerUtil.m in Sources */ = {isa = PBXBuildFile; fileRef = 00712D571EF7D47900A30777 /* YYLoggerUtil.m */; };
		00712D6A1EF7D6A200A30777 /* NSArray+Safe.m in Sources */ = {isa = PBXBuildFile; fileRef = 00712D611EF7D6A200A30777 /* NSArray+Safe.m */; };
		00712D6B1EF7D6A200A30777 /* NSDictionary+Safe.m in Sources */ = {isa = PBXBuildFile; fileRef = 00712D631EF7D6A200A30777 /* NSDictionary+Safe.m */; };
		00712D6C1EF7D6A200A30777 /* NSMutableArray+Safe.m in Sources */ = {isa = PBXBuildFile; fileRef = 00712D651EF7D6A200A30777 /* NSMutableArray+Safe.m */; };
		00712D6D1EF7D6A200A30777 /* NSMutableDictionary+Safe.m in Sources */ = {isa = PBXBuildFile; fileRef = 00712D671EF7D6A200A30777 /* NSMutableDictionary+Safe.m */; };
		00712D6E1EF7D6A200A30777 /* NSString+SafeSubstring.m in Sources */ = {isa = PBXBuildFile; fileRef = 00712D691EF7D6A200A30777 /* NSString+SafeSubstring.m */; };
		00712D721EF7D6EA00A30777 /* UIView+Toast.m in Sources */ = {isa = PBXBuildFile; fileRef = 00712D711EF7D6EA00A30777 /* UIView+Toast.m */; };
		00712D7D1EF7D9C900A30777 /* ZipUtil.m in Sources */ = {isa = PBXBuildFile; fileRef = 00712D7C1EF7D9C900A30777 /* ZipUtil.m */; };
		00712D811EF7D9F000A30777 /* CommonFileUtils.m in Sources */ = {isa = PBXBuildFile; fileRef = 00712D801EF7D9F000A30777 /* CommonFileUtils.m */; };
		00712D851EF7DA4700A30777 /* UIColor+ColorUtil.m in Sources */ = {isa = PBXBuildFile; fileRef = 00712D841EF7DA4700A30777 /* UIColor+ColorUtil.m */; };
		00712D871EF7DEE700A30777 /* YYLogger.m in Sources */ = {isa = PBXBuildFile; fileRef = 00712D861EF7DEE700A30777 /* YYLogger.m */; };
		008F65111EFF5645004FC579 /* NSURL+Parameters.m in Sources */ = {isa = PBXBuildFile; fileRef = 008F64F11EFF5645004FC579 /* NSURL+Parameters.m */; };
		008F65121EFF5645004FC579 /* WABaseAPIReflectionImpl.m in Sources */ = {isa = PBXBuildFile; fileRef = 008F64F31EFF5645004FC579 /* WABaseAPIReflectionImpl.m */; };
		008F65151EFF5645004FC579 /* WAUserInterfaceAPI.m in Sources */ = {isa = PBXBuildFile; fileRef = 008F64F91EFF5645004FC579 /* WAUserInterfaceAPI.m */; };
		008F65181EFF5645004FC579 /* YYWebAppFramework.m in Sources */ = {isa = PBXBuildFile; fileRef = 008F65011EFF5645004FC579 /* YYWebAppFramework.m */; };
		008F65191EFF5645004FC579 /* WebViewJavascriptBridge.js.txt in Resources */ = {isa = PBXBuildFile; fileRef = 008F65031EFF5645004FC579 /* WebViewJavascriptBridge.js.txt */; };
		008F651A1EFF5645004FC579 /* WebViewJavascriptBridgeAbstract.m in Sources */ = {isa = PBXBuildFile; fileRef = 008F65051EFF5645004FC579 /* WebViewJavascriptBridgeAbstract.m */; };
		008F651B1EFF5645004FC579 /* YYWKWebView.m in Sources */ = {isa = PBXBuildFile; fileRef = 008F65081EFF5645004FC579 /* YYWKWebView.m */; };
		008F651C1EFF5645004FC579 /* YYWKWebViewAPI.js in Resources */ = {isa = PBXBuildFile; fileRef = 008F65091EFF5645004FC579 /* YYWKWebViewAPI.js */; };
		008F651D1EFF5645004FC579 /* YYWKWebViewJSBridge.js in Resources */ = {isa = PBXBuildFile; fileRef = 008F650B1EFF5645004FC579 /* YYWKWebViewJSBridge.js */; };
		008F651E1EFF5645004FC579 /* YYWKWebViewJSBridge.m in Sources */ = {isa = PBXBuildFile; fileRef = 008F650C1EFF5645004FC579 /* YYWKWebViewJSBridge.m */; };
		008F651F1EFF5645004FC579 /* YYWebViewController.bundle in Resources */ = {isa = PBXBuildFile; fileRef = 008F650D1EFF5645004FC579 /* YYWebViewController.bundle */; };
		008F65201EFF5645004FC579 /* YYWKWebViewController.m in Sources */ = {isa = PBXBuildFile; fileRef = 008F650F1EFF5645004FC579 /* YYWKWebViewController.m */; };
		008F65211EFF5645004FC579 /* YYWKWebViewController.xib in Resources */ = {isa = PBXBuildFile; fileRef = 008F65101EFF5645004FC579 /* YYWKWebViewController.xib */; };
		008F65291EFF5AB2004FC579 /* YYViewController.m in Sources */ = {isa = PBXBuildFile; fileRef = 008F65281EFF5AB2004FC579 /* YYViewController.m */; };
		008F652F1EFF5C6E004FC579 /* UIViewUtils.m in Sources */ = {isa = PBXBuildFile; fileRef = 008F652E1EFF5C6E004FC579 /* UIViewUtils.m */; };
		008F65321EFF5D52004FC579 /* UIViewController+YYViewControllers.m in Sources */ = {isa = PBXBuildFile; fileRef = 008F65311EFF5D52004FC579 /* UIViewController+YYViewControllers.m */; };
		008F65351EFF5D83004FC579 /* UIView+Loading.m in Sources */ = {isa = PBXBuildFile; fileRef = 008F65341EFF5D83004FC579 /* UIView+Loading.m */; };
		008F65381EFF5D9F004FC579 /* YYLoadingToastView.m in Sources */ = {isa = PBXBuildFile; fileRef = 008F65371EFF5D9F004FC579 /* YYLoadingToastView.m */; };
		008F653B1EFF5DF6004FC579 /* YYViewControllerCenter.m in Sources */ = {isa = PBXBuildFile; fileRef = 008F653A1EFF5DF6004FC579 /* YYViewControllerCenter.m */; };
		19C5A5C0E357B75F19D6A4EC /* libPods-WebAppShellTests.a in Frameworks */ = {isa = PBXBuildFile; fileRef = 2DED222C64B2BB851AB35A27 /* libPods-WebAppShellTests.a */; };
		753EDC16C190DDE09C24F36F /* libPods-WebAppShellUITests.a in Frameworks */ = {isa = PBXBuildFile; fileRef = 3B2E0521DFB878BB18FFA23A /* libPods-WebAppShellUITests.a */; };
		ED21CAD8A8AF0C6207607357 /* libPods-WebAppShell.a in Frameworks */ = {isa = PBXBuildFile; fileRef = D5D016988FA2C7975D283DA9 /* libPods-WebAppShell.a */; };
/* End PBXBuildFile section */

/* Begin PBXContainerItemProxy section */
		00712CE31EF7B0A300A30777 /* PBXContainerItemProxy */ = {
			isa = PBXContainerItemProxy;
			containerPortal = 00712CC11EF7B0A300A30777 /* Project object */;
			proxyType = 1;
			remoteGlobalIDString = 00712CC81EF7B0A300A30777;
			remoteInfo = WebAppShell;
		};
		00712CEE1EF7B0A300A30777 /* PBXContainerItemProxy */ = {
			isa = PBXContainerItemProxy;
			containerPortal = 00712CC11EF7B0A300A30777 /* Project object */;
			proxyType = 1;
			remoteGlobalIDString = 00712CC81EF7B0A300A30777;
			remoteInfo = WebAppShell;
		};
/* End PBXContainerItemProxy section */

/* Begin PBXFileReference section */
		00712CC91EF7B0A300A30777 /* WebAppShell.app */ = {isa = PBXFileReference; explicitFileType = wrapper.application; includeInIndex = 0; path = WebAppShell.app; sourceTree = BUILT_PRODUCTS_DIR; };
		00712CCD1EF7B0A300A30777 /* main.m */ = {isa = PBXFileReference; lastKnownFileType = sourcecode.c.objc; path = main.m; sourceTree = "<group>"; };
		00712CCF1EF7B0A300A30777 /* AppDelegate.h */ = {isa = PBXFileReference; lastKnownFileType = sourcecode.c.h; path = AppDelegate.h; sourceTree = "<group>"; };
		00712CD01EF7B0A300A30777 /* AppDelegate.m */ = {isa = PBXFileReference; lastKnownFileType = sourcecode.c.objc; path = AppDelegate.m; sourceTree = "<group>"; };
		00712CD81EF7B0A300A30777 /* Assets.xcassets */ = {isa = PBXFileReference; lastKnownFileType = folder.assetcatalog; path = Assets.xcassets; sourceTree = "<group>"; };
		00712CDB1EF7B0A300A30777 /* Base */ = {isa = PBXFileReference; lastKnownFileType = file.storyboard; name = Base; path = Base.lproj/LaunchScreen.storyboard; sourceTree = "<group>"; };
		00712CDD1EF7B0A300A30777 /* Info.plist */ = {isa = PBXFileReference; lastKnownFileType = text.plist.xml; path = Info.plist; sourceTree = "<group>"; };
		00712CE21EF7B0A300A30777 /* WebAppShellTests.xctest */ = {isa = PBXFileReference; explicitFileType = wrapper.cfbundle; includeInIndex = 0; path = WebAppShellTests.xctest; sourceTree = BUILT_PRODUCTS_DIR; };
		00712CE61EF7B0A300A30777 /* WebAppShellTests.m */ = {isa = PBXFileReference; lastKnownFileType = sourcecode.c.objc; path = WebAppShellTests.m; sourceTree = "<group>"; };
		00712CE81EF7B0A300A30777 /* Info.plist */ = {isa = PBXFileReference; lastKnownFileType = text.plist.xml; path = Info.plist; sourceTree = "<group>"; };
		00712CED1EF7B0A300A30777 /* WebAppShellUITests.xctest */ = {isa = PBXFileReference; explicitFileType = wrapper.cfbundle; includeInIndex = 0; path = WebAppShellUITests.xctest; sourceTree = BUILT_PRODUCTS_DIR; };
		00712CF11EF7B0A300A30777 /* WebAppShellUITests.m */ = {isa = PBXFileReference; lastKnownFileType = sourcecode.c.objc; path = WebAppShellUITests.m; sourceTree = "<group>"; };
		00712CF31EF7B0A300A30777 /* Info.plist */ = {isa = PBXFileReference; lastKnownFileType = text.plist.xml; path = Info.plist; sourceTree = "<group>"; };
		00712D341EF7B0FC00A30777 /* CarrierIdentifier.h */ = {isa = PBXFileReference; fileEncoding = 4; lastKnownFileType = sourcecode.c.h; path = CarrierIdentifier.h; sourceTree = "<group>"; };
		00712D351EF7B0FC00A30777 /* GCDHelper.h */ = {isa = PBXFileReference; fileEncoding = 4; lastKnownFileType = sourcecode.c.h; path = GCDHelper.h; sourceTree = "<group>"; };
		00712D361EF7B0FC00A30777 /* GCDHelper.m */ = {isa = PBXFileReference; fileEncoding = 4; lastKnownFileType = sourcecode.c.objc; path = GCDHelper.m; sourceTree = "<group>"; };
		00712D371EF7B0FC00A30777 /* PairValue.h */ = {isa = PBXFileReference; fileEncoding = 4; lastKnownFileType = sourcecode.c.h; path = PairValue.h; sourceTree = "<group>"; };
		00712D381EF7B0FC00A30777 /* PairValue.m */ = {isa = PBXFileReference; fileEncoding = 4; lastKnownFileType = sourcecode.c.objc; path = PairValue.m; sourceTree = "<group>"; };
		00712D391EF7B0FC00A30777 /* SafeTimer.h */ = {isa = PBXFileReference; fileEncoding = 4; lastKnownFileType = sourcecode.c.h; path = SafeTimer.h; sourceTree = "<group>"; };
		00712D3A1EF7B0FC00A30777 /* SafeTimer.m */ = {isa = PBXFileReference; fileEncoding = 4; lastKnownFileType = sourcecode.c.objc; path = SafeTimer.m; sourceTree = "<group>"; };
		00712D3B1EF7B0FC00A30777 /* YYUtility+App.m */ = {isa = PBXFileReference; fileEncoding = 4; lastKnownFileType = sourcecode.c.objc; path = "YYUtility+App.m"; sourceTree = "<group>"; };
		00712D3C1EF7B0FC00A30777 /* YYUtility+Carrier.m */ = {isa = PBXFileReference; fileEncoding = 4; lastKnownFileType = sourcecode.c.objc; path = "YYUtility+Carrier.m"; sourceTree = "<group>"; };
		00712D3D1EF7B0FC00A30777 /* YYUtility+Device.m */ = {isa = PBXFileReference; fileEncoding = 4; lastKnownFileType = sourcecode.c.objc; path = "YYUtility+Device.m"; sourceTree = "<group>"; };
		00712D3E1EF7B0FC00A30777 /* YYUtility.h */ = {isa = PBXFileReference; fileEncoding = 4; lastKnownFileType = sourcecode.c.h; path = YYUtility.h; sourceTree = "<group>"; };
		00712D3F1EF7B0FC00A30777 /* YYUtility.m */ = {isa = PBXFileReference; fileEncoding = 4; lastKnownFileType = sourcecode.c.objc; path = YYUtility.m; sourceTree = "<group>"; };
		00712D471EF7B13300A30777 /* AppConfig.h */ = {isa = PBXFileReference; fileEncoding = 4; lastKnownFileType = sourcecode.c.h; name = AppConfig.h; path = AppConfig/AppConfig.h; sourceTree = "<group>"; };
		00712D481EF7B13300A30777 /* AppConfig.m */ = {isa = PBXFileReference; fileEncoding = 4; lastKnownFileType = sourcecode.c.objc; name = AppConfig.m; path = AppConfig/AppConfig.m; sourceTree = "<group>"; };
		00712D4B1EF7D47900A30777 /* CommonLog.h */ = {isa = PBXFileReference; fileEncoding = 4; lastKnownFileType = sourcecode.c.h; path = CommonLog.h; sourceTree = "<group>"; };
		00712D4C1EF7D47900A30777 /* CommonLog.m */ = {isa = PBXFileReference; fileEncoding = 4; lastKnownFileType = sourcecode.c.objc; path = CommonLog.m; sourceTree = "<group>"; };
		00712D4F1EF7D47900A30777 /* LogDefine.h */ = {isa = PBXFileReference; fileEncoding = 4; lastKnownFileType = sourcecode.c.h; path = LogDefine.h; sourceTree = "<group>"; };
		00712D501EF7D47900A30777 /* YYLogger.h */ = {isa = PBXFileReference; fileEncoding = 4; lastKnownFileType = sourcecode.c.h; path = YYLogger.h; sourceTree = "<group>"; };
		00712D511EF7D47900A30777 /* YYLoggerFileCompress.m */ = {isa = PBXFileReference; fileEncoding = 4; lastKnownFileType = sourcecode.c.objc; path = YYLoggerFileCompress.m; sourceTree = "<group>"; };
		00712D521EF7D47900A30777 /* YYLoggerInternal.h */ = {isa = PBXFileReference; fileEncoding = 4; lastKnownFileType = sourcecode.c.h; path = YYLoggerInternal.h; sourceTree = "<group>"; };
		00712D531EF7D47900A30777 /* YYLoggerInternal.m */ = {isa = PBXFileReference; fileEncoding = 4; lastKnownFileType = sourcecode.c.objc; path = YYLoggerInternal.m; sourceTree = "<group>"; };
		00712D541EF7D47900A30777 /* YYLoggerManager.h */ = {isa = PBXFileReference; fileEncoding = 4; lastKnownFileType = sourcecode.c.h; path = YYLoggerManager.h; sourceTree = "<group>"; };
		00712D551EF7D47900A30777 /* YYLoggerManager.m */ = {isa = PBXFileReference; fileEncoding = 4; lastKnownFileType = sourcecode.c.objc; path = YYLoggerManager.m; sourceTree = "<group>"; };
		00712D561EF7D47900A30777 /* YYLoggerUtil.h */ = {isa = PBXFileReference; fileEncoding = 4; lastKnownFileType = sourcecode.c.h; path = YYLoggerUtil.h; sourceTree = "<group>"; };
		00712D571EF7D47900A30777 /* YYLoggerUtil.m */ = {isa = PBXFileReference; fileEncoding = 4; lastKnownFileType = sourcecode.c.objc; path = YYLoggerUtil.m; sourceTree = "<group>"; };
		00712D5E1EF7D51200A30777 /* YYLoggerFileCompress.h */ = {isa = PBXFileReference; lastKnownFileType = sourcecode.c.h; path = YYLoggerFileCompress.h; sourceTree = "<group>"; };
		00712D601EF7D6A200A30777 /* NSArray+Safe.h */ = {isa = PBXFileReference; fileEncoding = 4; lastKnownFileType = sourcecode.c.h; path = "NSArray+Safe.h"; sourceTree = "<group>"; };
		00712D611EF7D6A200A30777 /* NSArray+Safe.m */ = {isa = PBXFileReference; fileEncoding = 4; lastKnownFileType = sourcecode.c.objc; path = "NSArray+Safe.m"; sourceTree = "<group>"; };
		00712D621EF7D6A200A30777 /* NSDictionary+Safe.h */ = {isa = PBXFileReference; fileEncoding = 4; lastKnownFileType = sourcecode.c.h; path = "NSDictionary+Safe.h"; sourceTree = "<group>"; };
		00712D631EF7D6A200A30777 /* NSDictionary+Safe.m */ = {isa = PBXFileReference; fileEncoding = 4; lastKnownFileType = sourcecode.c.objc; path = "NSDictionary+Safe.m"; sourceTree = "<group>"; };
		00712D641EF7D6A200A30777 /* NSMutableArray+Safe.h */ = {isa = PBXFileReference; fileEncoding = 4; lastKnownFileType = sourcecode.c.h; path = "NSMutableArray+Safe.h"; sourceTree = "<group>"; };
		00712D651EF7D6A200A30777 /* NSMutableArray+Safe.m */ = {isa = PBXFileReference; fileEncoding = 4; lastKnownFileType = sourcecode.c.objc; path = "NSMutableArray+Safe.m"; sourceTree = "<group>"; };
		00712D661EF7D6A200A30777 /* NSMutableDictionary+Safe.h */ = {isa = PBXFileReference; fileEncoding = 4; lastKnownFileType = sourcecode.c.h; path = "NSMutableDictionary+Safe.h"; sourceTree = "<group>"; };
		00712D671EF7D6A200A30777 /* NSMutableDictionary+Safe.m */ = {isa = PBXFileReference; fileEncoding = 4; lastKnownFileType = sourcecode.c.objc; path = "NSMutableDictionary+Safe.m"; sourceTree = "<group>"; };
		00712D681EF7D6A200A30777 /* NSString+SafeSubstring.h */ = {isa = PBXFileReference; fileEncoding = 4; lastKnownFileType = sourcecode.c.h; path = "NSString+SafeSubstring.h"; sourceTree = "<group>"; };
		00712D691EF7D6A200A30777 /* NSString+SafeSubstring.m */ = {isa = PBXFileReference; fileEncoding = 4; lastKnownFileType = sourcecode.c.objc; path = "NSString+SafeSubstring.m"; sourceTree = "<group>"; };
		00712D701EF7D6EA00A30777 /* UIView+Toast.h */ = {isa = PBXFileReference; fileEncoding = 4; lastKnownFileType = sourcecode.c.h; path = "UIView+Toast.h"; sourceTree = "<group>"; };
		00712D711EF7D6EA00A30777 /* UIView+Toast.m */ = {isa = PBXFileReference; fileEncoding = 4; lastKnownFileType = sourcecode.c.objc; path = "UIView+Toast.m"; sourceTree = "<group>"; };
		00712D7B1EF7D9C900A30777 /* ZipUtil.h */ = {isa = PBXFileReference; fileEncoding = 4; lastKnownFileType = sourcecode.c.h; path = ZipUtil.h; sourceTree = "<group>"; };
		00712D7C1EF7D9C900A30777 /* ZipUtil.m */ = {isa = PBXFileReference; fileEncoding = 4; lastKnownFileType = sourcecode.c.objc; path = ZipUtil.m; sourceTree = "<group>"; };
		00712D7F1EF7D9F000A30777 /* CommonFileUtils.h */ = {isa = PBXFileReference; fileEncoding = 4; lastKnownFileType = sourcecode.c.h; path = CommonFileUtils.h; sourceTree = "<group>"; };
		00712D801EF7D9F000A30777 /* CommonFileUtils.m */ = {isa = PBXFileReference; fileEncoding = 4; lastKnownFileType = sourcecode.c.objc; path = CommonFileUtils.m; sourceTree = "<group>"; };
		00712D831EF7DA4700A30777 /* UIColor+ColorUtil.h */ = {isa = PBXFileReference; fileEncoding = 4; lastKnownFileType = sourcecode.c.h; path = "UIColor+ColorUtil.h"; sourceTree = "<group>"; };
		00712D841EF7DA4700A30777 /* UIColor+ColorUtil.m */ = {isa = PBXFileReference; fileEncoding = 4; lastKnownFileType = sourcecode.c.objc; path = "UIColor+ColorUtil.m"; sourceTree = "<group>"; };
		00712D861EF7DEE700A30777 /* YYLogger.m */ = {isa = PBXFileReference; fileEncoding = 4; lastKnownFileType = sourcecode.c.objc; path = YYLogger.m; sourceTree = "<group>"; };
		008F64F01EFF5645004FC579 /* NSURL+Parameters.h */ = {isa = PBXFileReference; fileEncoding = 4; lastKnownFileType = sourcecode.c.h; path = "NSURL+Parameters.h"; sourceTree = "<group>"; };
		008F64F11EFF5645004FC579 /* NSURL+Parameters.m */ = {isa = PBXFileReference; fileEncoding = 4; lastKnownFileType = sourcecode.c.objc; path = "NSURL+Parameters.m"; sourceTree = "<group>"; };
		008F64F21EFF5645004FC579 /* WABaseAPIReflectionImpl.h */ = {isa = PBXFileReference; fileEncoding = 4; lastKnownFileType = sourcecode.c.h; path = WABaseAPIReflectionImpl.h; sourceTree = "<group>"; };
		008F64F31EFF5645004FC579 /* WABaseAPIReflectionImpl.m */ = {isa = PBXFileReference; fileEncoding = 4; lastKnownFileType = sourcecode.c.objc; path = WABaseAPIReflectionImpl.m; sourceTree = "<group>"; };
		008F64F81EFF5645004FC579 /* WAUserInterfaceAPI.h */ = {isa = PBXFileReference; fileEncoding = 4; lastKnownFileType = sourcecode.c.h; path = WAUserInterfaceAPI.h; sourceTree = "<group>"; };
		008F64F91EFF5645004FC579 /* WAUserInterfaceAPI.m */ = {isa = PBXFileReference; fileEncoding = 4; lastKnownFileType = sourcecode.c.objc; path = WAUserInterfaceAPI.m; sourceTree = "<group>"; };
		008F64FA1EFF5645004FC579 /* WAUserInterfaceViewControllerInstantiable.h */ = {isa = PBXFileReference; fileEncoding = 4; lastKnownFileType = sourcecode.c.h; path = WAUserInterfaceViewControllerInstantiable.h; sourceTree = "<group>"; };
		008F64FF1EFF5645004FC579 /* YYWebAppAPI.h */ = {isa = PBXFileReference; fileEncoding = 4; lastKnownFileType = sourcecode.c.h; path = YYWebAppAPI.h; sourceTree = "<group>"; };
		008F65001EFF5645004FC579 /* YYWebAppFramework.h */ = {isa = PBXFileReference; fileEncoding = 4; lastKnownFileType = sourcecode.c.h; path = YYWebAppFramework.h; sourceTree = "<group>"; };
		008F65011EFF5645004FC579 /* YYWebAppFramework.m */ = {isa = PBXFileReference; fileEncoding = 4; lastKnownFileType = sourcecode.c.objc; path = YYWebAppFramework.m; sourceTree = "<group>"; };
		008F65031EFF5645004FC579 /* WebViewJavascriptBridge.js.txt */ = {isa = PBXFileReference; fileEncoding = 4; lastKnownFileType = text; path = WebViewJavascriptBridge.js.txt; sourceTree = "<group>"; };
		008F65041EFF5645004FC579 /* WebViewJavascriptBridgeAbstract.h */ = {isa = PBXFileReference; fileEncoding = 4; lastKnownFileType = sourcecode.c.h; path = WebViewJavascriptBridgeAbstract.h; sourceTree = "<group>"; };
		008F65051EFF5645004FC579 /* WebViewJavascriptBridgeAbstract.m */ = {isa = PBXFileReference; fileEncoding = 4; lastKnownFileType = sourcecode.c.objc; path = WebViewJavascriptBridgeAbstract.m; sourceTree = "<group>"; };
		008F65071EFF5645004FC579 /* YYWKWebView.h */ = {isa = PBXFileReference; fileEncoding = 4; lastKnownFileType = sourcecode.c.h; path = YYWKWebView.h; sourceTree = "<group>"; };
		008F65081EFF5645004FC579 /* YYWKWebView.m */ = {isa = PBXFileReference; fileEncoding = 4; lastKnownFileType = sourcecode.c.objc; path = YYWKWebView.m; sourceTree = "<group>"; };
		008F65091EFF5645004FC579 /* YYWKWebViewAPI.js */ = {isa = PBXFileReference; fileEncoding = 4; lastKnownFileType = sourcecode.javascript; path = YYWKWebViewAPI.js; sourceTree = "<group>"; };
		008F650A1EFF5645004FC579 /* YYWKWebViewJSBridge.h */ = {isa = PBXFileReference; fileEncoding = 4; lastKnownFileType = sourcecode.c.h; path = YYWKWebViewJSBridge.h; sourceTree = "<group>"; };
		008F650B1EFF5645004FC579 /* YYWKWebViewJSBridge.js */ = {isa = PBXFileReference; fileEncoding = 4; lastKnownFileType = sourcecode.javascript; path = YYWKWebViewJSBridge.js; sourceTree = "<group>"; };
		008F650C1EFF5645004FC579 /* YYWKWebViewJSBridge.m */ = {isa = PBXFileReference; fileEncoding = 4; lastKnownFileType = sourcecode.c.objc; path = YYWKWebViewJSBridge.m; sourceTree = "<group>"; };
		008F650D1EFF5645004FC579 /* YYWebViewController.bundle */ = {isa = PBXFileReference; lastKnownFileType = "wrapper.plug-in"; path = YYWebViewController.bundle; sourceTree = "<group>"; };
		008F650E1EFF5645004FC579 /* YYWKWebViewController.h */ = {isa = PBXFileReference; fileEncoding = 4; lastKnownFileType = sourcecode.c.h; path = YYWKWebViewController.h; sourceTree = "<group>"; };
		008F650F1EFF5645004FC579 /* YYWKWebViewController.m */ = {isa = PBXFileReference; fileEncoding = 4; lastKnownFileType = sourcecode.c.objc; path = YYWKWebViewController.m; sourceTree = "<group>"; };
		008F65101EFF5645004FC579 /* YYWKWebViewController.xib */ = {isa = PBXFileReference; fileEncoding = 4; lastKnownFileType = file.xib; path = YYWKWebViewController.xib; sourceTree = "<group>"; };
		008F65221EFF581A004FC579 /* WebAppShell-Prefix.pch */ = {isa = PBXFileReference; lastKnownFileType = sourcecode.c.h; path = "WebAppShell-Prefix.pch"; sourceTree = "<group>"; };
		008F65271EFF5AB2004FC579 /* YYViewController.h */ = {isa = PBXFileReference; fileEncoding = 4; lastKnownFileType = sourcecode.c.h; path = YYViewController.h; sourceTree = "<group>"; };
		008F65281EFF5AB2004FC579 /* YYViewController.m */ = {isa = PBXFileReference; fileEncoding = 4; lastKnownFileType = sourcecode.c.objc; path = YYViewController.m; sourceTree = "<group>"; };
		008F652D1EFF5C6E004FC579 /* UIViewUtils.h */ = {isa = PBXFileReference; fileEncoding = 4; lastKnownFileType = sourcecode.c.h; path = UIViewUtils.h; sourceTree = "<group>"; };
		008F652E1EFF5C6E004FC579 /* UIViewUtils.m */ = {isa = PBXFileReference; fileEncoding = 4; lastKnownFileType = sourcecode.c.objc; path = UIViewUtils.m; sourceTree = "<group>"; };
		008F65301EFF5D52004FC579 /* UIViewController+YYViewControllers.h */ = {isa = PBXFileReference; fileEncoding = 4; lastKnownFileType = sourcecode.c.h; path = "UIViewController+YYViewControllers.h"; sourceTree = "<group>"; };
		008F65311EFF5D52004FC579 /* UIViewController+YYViewControllers.m */ = {isa = PBXFileReference; fileEncoding = 4; lastKnownFileType = sourcecode.c.objc; path = "UIViewController+YYViewControllers.m"; sourceTree = "<group>"; };
		008F65331EFF5D83004FC579 /* UIView+Loading.h */ = {isa = PBXFileReference; fileEncoding = 4; lastKnownFileType = sourcecode.c.h; path = "UIView+Loading.h"; sourceTree = "<group>"; };
		008F65341EFF5D83004FC579 /* UIView+Loading.m */ = {isa = PBXFileReference; fileEncoding = 4; lastKnownFileType = sourcecode.c.objc; path = "UIView+Loading.m"; sourceTree = "<group>"; };
		008F65361EFF5D9F004FC579 /* YYLoadingToastView.h */ = {isa = PBXFileReference; fileEncoding = 4; lastKnownFileType = sourcecode.c.h; path = YYLoadingToastView.h; sourceTree = "<group>"; };
		008F65371EFF5D9F004FC579 /* YYLoadingToastView.m */ = {isa = PBXFileReference; fileEncoding = 4; lastKnownFileType = sourcecode.c.objc; path = YYLoadingToastView.m; sourceTree = "<group>"; };
		008F65391EFF5DF6004FC579 /* YYViewControllerCenter.h */ = {isa = PBXFileReference; fileEncoding = 4; lastKnownFileType = sourcecode.c.h; path = YYViewControllerCenter.h; sourceTree = "<group>"; };
		008F653A1EFF5DF6004FC579 /* YYViewControllerCenter.m */ = {isa = PBXFileReference; fileEncoding = 4; lastKnownFileType = sourcecode.c.objc; path = YYViewControllerCenter.m; sourceTree = "<group>"; };
		1C64EB414A454D5DEA32B7D7 /* Pods-WebAppShell.debug.xcconfig */ = {isa = PBXFileReference; includeInIndex = 1; lastKnownFileType = text.xcconfig; name = "Pods-WebAppShell.debug.xcconfig"; path = "Pods/Target Support Files/Pods-WebAppShell/Pods-WebAppShell.debug.xcconfig"; sourceTree = "<group>"; };
		2DED222C64B2BB851AB35A27 /* libPods-WebAppShellTests.a */ = {isa = PBXFileReference; explicitFileType = archive.ar; includeInIndex = 0; path = "libPods-WebAppShellTests.a"; sourceTree = BUILT_PRODUCTS_DIR; };
		39D2FF9955FA6C2DFB447845 /* Pods-WebAppShellTests.release.xcconfig */ = {isa = PBXFileReference; includeInIndex = 1; lastKnownFileType = text.xcconfig; name = "Pods-WebAppShellTests.release.xcconfig"; path = "Pods/Target Support Files/Pods-WebAppShellTests/Pods-WebAppShellTests.release.xcconfig"; sourceTree = "<group>"; };
		3B2E0521DFB878BB18FFA23A /* libPods-WebAppShellUITests.a */ = {isa = PBXFileReference; explicitFileType = archive.ar; includeInIndex = 0; path = "libPods-WebAppShellUITests.a"; sourceTree = BUILT_PRODUCTS_DIR; };
		6C1B9EA4C964DB937789358F /* Pods-WebAppShellTests.debug.xcconfig */ = {isa = PBXFileReference; includeInIndex = 1; lastKnownFileType = text.xcconfig; name = "Pods-WebAppShellTests.debug.xcconfig"; path = "Pods/Target Support Files/Pods-WebAppShellTests/Pods-WebAppShellTests.debug.xcconfig"; sourceTree = "<group>"; };
		9BFE237C33C2629749BC6C8D /* Pods-WebAppShellUITests.release.xcconfig */ = {isa = PBXFileReference; includeInIndex = 1; lastKnownFileType = text.xcconfig; name = "Pods-WebAppShellUITests.release.xcconfig"; path = "Pods/Target Support Files/Pods-WebAppShellUITests/Pods-WebAppShellUITests.release.xcconfig"; sourceTree = "<group>"; };
		9F84BB80B45682657247DAC1 /* Pods-WebAppShell.release.xcconfig */ = {isa = PBXFileReference; includeInIndex = 1; lastKnownFileType = text.xcconfig; name = "Pods-WebAppShell.release.xcconfig"; path = "Pods/Target Support Files/Pods-WebAppShell/Pods-WebAppShell.release.xcconfig"; sourceTree = "<group>"; };
		D5D016988FA2C7975D283DA9 /* libPods-WebAppShell.a */ = {isa = PBXFileReference; explicitFileType = archive.ar; includeInIndex = 0; path = "libPods-WebAppShell.a"; sourceTree = BUILT_PRODUCTS_DIR; };
		D8FB858F66F678C8A33D1499 /* Pods-WebAppShellUITests.debug.xcconfig */ = {isa = PBXFileReference; includeInIndex = 1; lastKnownFileType = text.xcconfig; name = "Pods-WebAppShellUITests.debug.xcconfig"; path = "Pods/Target Support Files/Pods-WebAppShellUITests/Pods-WebAppShellUITests.debug.xcconfig"; sourceTree = "<group>"; };
/* End PBXFileReference section */

/* Begin PBXFrameworksBuildPhase section */
		00712CC61EF7B0A300A30777 /* Frameworks */ = {
			isa = PBXFrameworksBuildPhase;
			buildActionMask = 2147483647;
			files = (
				ED21CAD8A8AF0C6207607357 /* libPods-WebAppShell.a in Frameworks */,
			);
			runOnlyForDeploymentPostprocessing = 0;
		};
		00712CDF1EF7B0A300A30777 /* Frameworks */ = {
			isa = PBXFrameworksBuildPhase;
			buildActionMask = 2147483647;
			files = (
				19C5A5C0E357B75F19D6A4EC /* libPods-WebAppShellTests.a in Frameworks */,
			);
			runOnlyForDeploymentPostprocessing = 0;
		};
		00712CEA1EF7B0A300A30777 /* Frameworks */ = {
			isa = PBXFrameworksBuildPhase;
			buildActionMask = 2147483647;
			files = (
				753EDC16C190DDE09C24F36F /* libPods-WebAppShellUITests.a in Frameworks */,
			);
			runOnlyForDeploymentPostprocessing = 0;
		};
/* End PBXFrameworksBuildPhase section */

/* Begin PBXGroup section */
		00712CC01EF7B0A300A30777 = {
			isa = PBXGroup;
			children = (
				00712CCB1EF7B0A300A30777 /* WebAppShell */,
				00712CE51EF7B0A300A30777 /* WebAppShellTests */,
				00712CF01EF7B0A300A30777 /* WebAppShellUITests */,
				00712CCA1EF7B0A300A30777 /* Products */,
				643B7404930E68BB8877320F /* Pods */,
				FF41934C98B3AC4DB70987B2 /* Frameworks */,
			);
			sourceTree = "<group>";
		};
		00712CCA1EF7B0A300A30777 /* Products */ = {
			isa = PBXGroup;
			children = (
				00712CC91EF7B0A300A30777 /* WebAppShell.app */,
				00712CE21EF7B0A300A30777 /* WebAppShellTests.xctest */,
				00712CED1EF7B0A300A30777 /* WebAppShellUITests.xctest */,
			);
			name = Products;
			sourceTree = "<group>";
		};
		00712CCB1EF7B0A300A30777 /* WebAppShell */ = {
			isa = PBXGroup;
			children = (
				008F65231EFF58F8004FC579 /* ViewController */,
				008F64EE1EFF5645004FC579 /* WebViewController */,
				00712D821EF7DA3B00A30777 /* ColorUtil */,
				00712D7E1EF7D9F000A30777 /* FileUtils */,
				00712D7A1EF7D9C900A30777 /* Zip */,
				00712D6F1EF7D6EA00A30777 /* Toast */,
				00712D5F1EF7D6A200A30777 /* ObjectSafe */,
				00712D4A1EF7D44E00A30777 /* Logger */,
				00712D331EF7B0FC00A30777 /* YYUtility */,
				00712CCF1EF7B0A300A30777 /* AppDelegate.h */,
				00712CD01EF7B0A300A30777 /* AppDelegate.m */,
				00712CD81EF7B0A300A30777 /* Assets.xcassets */,
				00712CDA1EF7B0A300A30777 /* LaunchScreen.storyboard */,
				00712CDD1EF7B0A300A30777 /* Info.plist */,
				00712CCC1EF7B0A300A30777 /* Supporting Files */,
				00712D471EF7B13300A30777 /* AppConfig.h */,
				00712D481EF7B13300A30777 /* AppConfig.m */,
				008F65221EFF581A004FC579 /* WebAppShell-Prefix.pch */,
			);
			path = WebAppShell;
			sourceTree = "<group>";
		};
		00712CCC1EF7B0A300A30777 /* Supporting Files */ = {
			isa = PBXGroup;
			children = (
				00712CCD1EF7B0A300A30777 /* main.m */,
			);
			name = "Supporting Files";
			sourceTree = "<group>";
		};
		00712CE51EF7B0A300A30777 /* WebAppShellTests */ = {
			isa = PBXGroup;
			children = (
				00712CE61EF7B0A300A30777 /* WebAppShellTests.m */,
				00712CE81EF7B0A300A30777 /* Info.plist */,
			);
			path = WebAppShellTests;
			sourceTree = "<group>";
		};
		00712CF01EF7B0A300A30777 /* WebAppShellUITests */ = {
			isa = PBXGroup;
			children = (
				00712CF11EF7B0A300A30777 /* WebAppShellUITests.m */,
				00712CF31EF7B0A300A30777 /* Info.plist */,
			);
			path = WebAppShellUITests;
			sourceTree = "<group>";
		};
		00712D331EF7B0FC00A30777 /* YYUtility */ = {
			isa = PBXGroup;
			children = (
				00712D341EF7B0FC00A30777 /* CarrierIdentifier.h */,
				00712D351EF7B0FC00A30777 /* GCDHelper.h */,
				00712D361EF7B0FC00A30777 /* GCDHelper.m */,
				00712D371EF7B0FC00A30777 /* PairValue.h */,
				00712D381EF7B0FC00A30777 /* PairValue.m */,
				00712D391EF7B0FC00A30777 /* SafeTimer.h */,
				00712D3A1EF7B0FC00A30777 /* SafeTimer.m */,
				00712D3B1EF7B0FC00A30777 /* YYUtility+App.m */,
				00712D3C1EF7B0FC00A30777 /* YYUtility+Carrier.m */,
				00712D3D1EF7B0FC00A30777 /* YYUtility+Device.m */,
				00712D3E1EF7B0FC00A30777 /* YYUtility.h */,
				00712D3F1EF7B0FC00A30777 /* YYUtility.m */,
			);
			path = YYUtility;
			sourceTree = "<group>";
		};
		00712D4A1EF7D44E00A30777 /* Logger */ = {
			isa = PBXGroup;
			children = (
				00712D4B1EF7D47900A30777 /* CommonLog.h */,
				00712D4C1EF7D47900A30777 /* CommonLog.m */,
				00712D4F1EF7D47900A30777 /* LogDefine.h */,
				00712D501EF7D47900A30777 /* YYLogger.h */,
				00712D861EF7DEE700A30777 /* YYLogger.m */,
				00712D5E1EF7D51200A30777 /* YYLoggerFileCompress.h */,
				00712D511EF7D47900A30777 /* YYLoggerFileCompress.m */,
				00712D521EF7D47900A30777 /* YYLoggerInternal.h */,
				00712D531EF7D47900A30777 /* YYLoggerInternal.m */,
				00712D541EF7D47900A30777 /* YYLoggerManager.h */,
				00712D551EF7D47900A30777 /* YYLoggerManager.m */,
				00712D561EF7D47900A30777 /* YYLoggerUtil.h */,
				00712D571EF7D47900A30777 /* YYLoggerUtil.m */,
			);
			path = Logger;
			sourceTree = "<group>";
		};
		00712D5F1EF7D6A200A30777 /* ObjectSafe */ = {
			isa = PBXGroup;
			children = (
				00712D601EF7D6A200A30777 /* NSArray+Safe.h */,
				00712D611EF7D6A200A30777 /* NSArray+Safe.m */,
				00712D621EF7D6A200A30777 /* NSDictionary+Safe.h */,
				00712D631EF7D6A200A30777 /* NSDictionary+Safe.m */,
				00712D641EF7D6A200A30777 /* NSMutableArray+Safe.h */,
				00712D651EF7D6A200A30777 /* NSMutableArray+Safe.m */,
				00712D661EF7D6A200A30777 /* NSMutableDictionary+Safe.h */,
				00712D671EF7D6A200A30777 /* NSMutableDictionary+Safe.m */,
				00712D681EF7D6A200A30777 /* NSString+SafeSubstring.h */,
				00712D691EF7D6A200A30777 /* NSString+SafeSubstring.m */,
			);
			path = ObjectSafe;
			sourceTree = "<group>";
		};
		00712D6F1EF7D6EA00A30777 /* Toast */ = {
			isa = PBXGroup;
			children = (
				00712D701EF7D6EA00A30777 /* UIView+Toast.h */,
				00712D711EF7D6EA00A30777 /* UIView+Toast.m */,
			);
			path = Toast;
			sourceTree = "<group>";
		};
		00712D7A1EF7D9C900A30777 /* Zip */ = {
			isa = PBXGroup;
			children = (
				00712D7B1EF7D9C900A30777 /* ZipUtil.h */,
				00712D7C1EF7D9C900A30777 /* ZipUtil.m */,
			);
			path = Zip;
			sourceTree = "<group>";
		};
		00712D7E1EF7D9F000A30777 /* FileUtils */ = {
			isa = PBXGroup;
			children = (
				00712D7F1EF7D9F000A30777 /* CommonFileUtils.h */,
				00712D801EF7D9F000A30777 /* CommonFileUtils.m */,
			);
			path = FileUtils;
			sourceTree = "<group>";
		};
		00712D821EF7DA3B00A30777 /* ColorUtil */ = {
			isa = PBXGroup;
			children = (
				00712D831EF7DA4700A30777 /* UIColor+ColorUtil.h */,
				00712D841EF7DA4700A30777 /* UIColor+ColorUtil.m */,
			);
			path = ColorUtil;
			sourceTree = "<group>";
		};
		008F64EE1EFF5645004FC579 /* WebViewController */ = {
			isa = PBXGroup;
			children = (
				008F64EF1EFF5645004FC579 /* WebApI */,
				008F65021EFF5645004FC579 /* WebViewJavascriptBridgeAbstract */,
				008F65061EFF5645004FC579 /* WKWebView */,
				008F650D1EFF5645004FC579 /* YYWebViewController.bundle */,
				008F650E1EFF5645004FC579 /* YYWKWebViewController.h */,
				008F650F1EFF5645004FC579 /* YYWKWebViewController.m */,
				008F65101EFF5645004FC579 /* YYWKWebViewController.xib */,
			);
			path = WebViewController;
			sourceTree = "<group>";
		};
		008F64EF1EFF5645004FC579 /* WebApI */ = {
			isa = PBXGroup;
			children = (
				008F64F01EFF5645004FC579 /* NSURL+Parameters.h */,
				008F64F11EFF5645004FC579 /* NSURL+Parameters.m */,
				008F64F21EFF5645004FC579 /* WABaseAPIReflectionImpl.h */,
				008F64F31EFF5645004FC579 /* WABaseAPIReflectionImpl.m */,
				008F64F81EFF5645004FC579 /* WAUserInterfaceAPI.h */,
				008F64F91EFF5645004FC579 /* WAUserInterfaceAPI.m */,
				008F64FA1EFF5645004FC579 /* WAUserInterfaceViewControllerInstantiable.h */,
				008F64FF1EFF5645004FC579 /* YYWebAppAPI.h */,
				008F65001EFF5645004FC579 /* YYWebAppFramework.h */,
				008F65011EFF5645004FC579 /* YYWebAppFramework.m */,
			);
			path = WebApI;
			sourceTree = "<group>";
		};
		008F65021EFF5645004FC579 /* WebViewJavascriptBridgeAbstract */ = {
			isa = PBXGroup;
			children = (
				008F65031EFF5645004FC579 /* WebViewJavascriptBridge.js.txt */,
				008F65041EFF5645004FC579 /* WebViewJavascriptBridgeAbstract.h */,
				008F65051EFF5645004FC579 /* WebViewJavascriptBridgeAbstract.m */,
			);
			path = WebViewJavascriptBridgeAbstract;
			sourceTree = "<group>";
		};
		008F65061EFF5645004FC579 /* WKWebView */ = {
			isa = PBXGroup;
			children = (
				008F65071EFF5645004FC579 /* YYWKWebView.h */,
				008F65081EFF5645004FC579 /* YYWKWebView.m */,
				008F65091EFF5645004FC579 /* YYWKWebViewAPI.js */,
				008F650A1EFF5645004FC579 /* YYWKWebViewJSBridge.h */,
				008F650B1EFF5645004FC579 /* YYWKWebViewJSBridge.js */,
				008F650C1EFF5645004FC579 /* YYWKWebViewJSBridge.m */,
			);
			path = WKWebView;
			sourceTree = "<group>";
		};
		008F65231EFF58F8004FC579 /* ViewController */ = {
			isa = PBXGroup;
			children = (
				008F65391EFF5DF6004FC579 /* YYViewControllerCenter.h */,
				008F653A1EFF5DF6004FC579 /* YYViewControllerCenter.m */,
				008F65361EFF5D9F004FC579 /* YYLoadingToastView.h */,
				008F65371EFF5D9F004FC579 /* YYLoadingToastView.m */,
				008F65331EFF5D83004FC579 /* UIView+Loading.h */,
				008F65341EFF5D83004FC579 /* UIView+Loading.m */,
				008F65301EFF5D52004FC579 /* UIViewController+YYViewControllers.h */,
				008F65311EFF5D52004FC579 /* UIViewController+YYViewControllers.m */,
				008F652D1EFF5C6E004FC579 /* UIViewUtils.h */,
				008F652E1EFF5C6E004FC579 /* UIViewUtils.m */,
				008F65271EFF5AB2004FC579 /* YYViewController.h */,
				008F65281EFF5AB2004FC579 /* YYViewController.m */,
			);
			path = ViewController;
			sourceTree = "<group>";
		};
		643B7404930E68BB8877320F /* Pods */ = {
			isa = PBXGroup;
			children = (
				1C64EB414A454D5DEA32B7D7 /* Pods-WebAppShell.debug.xcconfig */,
				9F84BB80B45682657247DAC1 /* Pods-WebAppShell.release.xcconfig */,
				6C1B9EA4C964DB937789358F /* Pods-WebAppShellTests.debug.xcconfig */,
				39D2FF9955FA6C2DFB447845 /* Pods-WebAppShellTests.release.xcconfig */,
				D8FB858F66F678C8A33D1499 /* Pods-WebAppShellUITests.debug.xcconfig */,
				9BFE237C33C2629749BC6C8D /* Pods-WebAppShellUITests.release.xcconfig */,
			);
			name = Pods;
			sourceTree = "<group>";
		};
		FF41934C98B3AC4DB70987B2 /* Frameworks */ = {
			isa = PBXGroup;
			children = (
				D5D016988FA2C7975D283DA9 /* libPods-WebAppShell.a */,
				2DED222C64B2BB851AB35A27 /* libPods-WebAppShellTests.a */,
				3B2E0521DFB878BB18FFA23A /* libPods-WebAppShellUITests.a */,
			);
			name = Frameworks;
			sourceTree = "<group>";
		};
/* End PBXGroup section */

/* Begin PBXNativeTarget section */
		00712CC81EF7B0A300A30777 /* WebAppShell */ = {
			isa = PBXNativeTarget;
			buildConfigurationList = 00712CF61EF7B0A300A30777 /* Build configuration list for PBXNativeTarget "WebAppShell" */;
			buildPhases = (
				9975CF2958D82805D099B6BA /* [CP] Check Pods Manifest.lock */,
				00712CC51EF7B0A300A30777 /* Sources */,
				00712CC61EF7B0A300A30777 /* Frameworks */,
				00712CC71EF7B0A300A30777 /* Resources */,
				D2368BB54BCEC70319E757F8 /* [CP] Embed Pods Frameworks */,
				EFE7B8372C80A209A5069BC9 /* [CP] Copy Pods Resources */,
			);
			buildRules = (
			);
			dependencies = (
			);
			name = WebAppShell;
			productName = WebAppShell;
			productReference = 00712CC91EF7B0A300A30777 /* WebAppShell.app */;
			productType = "com.apple.product-type.application";
		};
		00712CE11EF7B0A300A30777 /* WebAppShellTests */ = {
			isa = PBXNativeTarget;
			buildConfigurationList = 00712CF91EF7B0A300A30777 /* Build configuration list for PBXNativeTarget "WebAppShellTests" */;
			buildPhases = (
				1CB9EB7225C4D386CF1EC47F /* [CP] Check Pods Manifest.lock */,
				00712CDE1EF7B0A300A30777 /* Sources */,
				00712CDF1EF7B0A300A30777 /* Frameworks */,
				00712CE01EF7B0A300A30777 /* Resources */,
				46765D2E12F81517C3CFF712 /* [CP] Embed Pods Frameworks */,
				7905925CE3E4F4B3857CCC66 /* [CP] Copy Pods Resources */,
			);
			buildRules = (
			);
			dependencies = (
				00712CE41EF7B0A300A30777 /* PBXTargetDependency */,
			);
			name = WebAppShellTests;
			productName = WebAppShellTests;
			productReference = 00712CE21EF7B0A300A30777 /* WebAppShellTests.xctest */;
			productType = "com.apple.product-type.bundle.unit-test";
		};
		00712CEC1EF7B0A300A30777 /* WebAppShellUITests */ = {
			isa = PBXNativeTarget;
			buildConfigurationList = 00712CFC1EF7B0A300A30777 /* Build configuration list for PBXNativeTarget "WebAppShellUITests" */;
			buildPhases = (
				0F65219EFF455751C3F1F0CD /* [CP] Check Pods Manifest.lock */,
				00712CE91EF7B0A300A30777 /* Sources */,
				00712CEA1EF7B0A300A30777 /* Frameworks */,
				00712CEB1EF7B0A300A30777 /* Resources */,
				77E25DDDCBA22658350D0223 /* [CP] Embed Pods Frameworks */,
				D430BDC736CAEFE6ABFE1E9F /* [CP] Copy Pods Resources */,
			);
			buildRules = (
			);
			dependencies = (
				00712CEF1EF7B0A300A30777 /* PBXTargetDependency */,
			);
			name = WebAppShellUITests;
			productName = WebAppShellUITests;
			productReference = 00712CED1EF7B0A300A30777 /* WebAppShellUITests.xctest */;
			productType = "com.apple.product-type.bundle.ui-testing";
		};
/* End PBXNativeTarget section */

/* Begin PBXProject section */
		00712CC11EF7B0A300A30777 /* Project object */ = {
			isa = PBXProject;
			attributes = {
				LastUpgradeCheck = 0830;
				ORGANIZATIONNAME = wuting;
				TargetAttributes = {
					00712CC81EF7B0A300A30777 = {
						CreatedOnToolsVersion = 8.3.3;
						DevelopmentTeam = 2DF7TAE5CB;
						ProvisioningStyle = Automatic;
					};
					00712CE11EF7B0A300A30777 = {
						CreatedOnToolsVersion = 8.3.3;
						DevelopmentTeam = 2DF7TAE5CB;
						ProvisioningStyle = Automatic;
						TestTargetID = 00712CC81EF7B0A300A30777;
					};
					00712CEC1EF7B0A300A30777 = {
						CreatedOnToolsVersion = 8.3.3;
						DevelopmentTeam = 2DF7TAE5CB;
						ProvisioningStyle = Automatic;
						TestTargetID = 00712CC81EF7B0A300A30777;
					};
				};
			};
			buildConfigurationList = 00712CC41EF7B0A300A30777 /* Build configuration list for PBXProject "WebAppShell" */;
			compatibilityVersion = "Xcode 3.2";
			developmentRegion = English;
			hasScannedForEncodings = 0;
			knownRegions = (
				en,
				Base,
			);
			mainGroup = 00712CC01EF7B0A300A30777;
			productRefGroup = 00712CCA1EF7B0A300A30777 /* Products */;
			projectDirPath = "";
			projectRoot = "";
			targets = (
				00712CC81EF7B0A300A30777 /* WebAppShell */,
				00712CE11EF7B0A300A30777 /* WebAppShellTests */,
				00712CEC1EF7B0A300A30777 /* WebAppShellUITests */,
			);
		};
/* End PBXProject section */

/* Begin PBXResourcesBuildPhase section */
		00712CC71EF7B0A300A30777 /* Resources */ = {
			isa = PBXResourcesBuildPhase;
			buildActionMask = 2147483647;
			files = (
				008F65191EFF5645004FC579 /* WebViewJavascriptBridge.js.txt in Resources */,
				00712CDC1EF7B0A300A30777 /* LaunchScreen.storyboard in Resources */,
				008F651D1EFF5645004FC579 /* YYWKWebViewJSBridge.js in Resources */,
				008F65211EFF5645004FC579 /* YYWKWebViewController.xib in Resources */,
				00712CD91EF7B0A300A30777 /* Assets.xcassets in Resources */,
				008F651F1EFF5645004FC579 /* YYWebViewController.bundle in Resources */,
				008F651C1EFF5645004FC579 /* YYWKWebViewAPI.js in Resources */,
			);
			runOnlyForDeploymentPostprocessing = 0;
		};
		00712CE01EF7B0A300A30777 /* Resources */ = {
			isa = PBXResourcesBuildPhase;
			buildActionMask = 2147483647;
			files = (
			);
			runOnlyForDeploymentPostprocessing = 0;
		};
		00712CEB1EF7B0A300A30777 /* Resources */ = {
			isa = PBXResourcesBuildPhase;
			buildActionMask = 2147483647;
			files = (
			);
			runOnlyForDeploymentPostprocessing = 0;
		};
/* End PBXResourcesBuildPhase section */

/* Begin PBXShellScriptBuildPhase section */
		0F65219EFF455751C3F1F0CD /* [CP] Check Pods Manifest.lock */ = {
			isa = PBXShellScriptBuildPhase;
			buildActionMask = 2147483647;
			files = (
			);
			inputPaths = (
			);
			name = "[CP] Check Pods Manifest.lock";
			outputPaths = (
			);
			runOnlyForDeploymentPostprocessing = 0;
			shellPath = /bin/sh;
			shellScript = "diff \"${PODS_ROOT}/../Podfile.lock\" \"${PODS_ROOT}/Manifest.lock\" > /dev/null\nif [ $? != 0 ] ; then\n    # print error to STDERR\n    echo \"error: The sandbox is not in sync with the Podfile.lock. Run 'pod install' or update your CocoaPods installation.\" >&2\n    exit 1\nfi\n";
			showEnvVarsInLog = 0;
		};
		1CB9EB7225C4D386CF1EC47F /* [CP] Check Pods Manifest.lock */ = {
			isa = PBXShellScriptBuildPhase;
			buildActionMask = 2147483647;
			files = (
			);
			inputPaths = (
			);
			name = "[CP] Check Pods Manifest.lock";
			outputPaths = (
			);
			runOnlyForDeploymentPostprocessing = 0;
			shellPath = /bin/sh;
			shellScript = "diff \"${PODS_ROOT}/../Podfile.lock\" \"${PODS_ROOT}/Manifest.lock\" > /dev/null\nif [ $? != 0 ] ; then\n    # print error to STDERR\n    echo \"error: The sandbox is not in sync with the Podfile.lock. Run 'pod install' or update your CocoaPods installation.\" >&2\n    exit 1\nfi\n";
			showEnvVarsInLog = 0;
		};
		46765D2E12F81517C3CFF712 /* [CP] Embed Pods Frameworks */ = {
			isa = PBXShellScriptBuildPhase;
			buildActionMask = 2147483647;
			files = (
			);
			inputPaths = (
			);
			name = "[CP] Embed Pods Frameworks";
			outputPaths = (
			);
			runOnlyForDeploymentPostprocessing = 0;
			shellPath = /bin/sh;
			shellScript = "\"${SRCROOT}/Pods/Target Support Files/Pods-WebAppShellTests/Pods-WebAppShellTests-frameworks.sh\"\n";
			showEnvVarsInLog = 0;
		};
		77E25DDDCBA22658350D0223 /* [CP] Embed Pods Frameworks */ = {
			isa = PBXShellScriptBuildPhase;
			buildActionMask = 2147483647;
			files = (
			);
			inputPaths = (
			);
			name = "[CP] Embed Pods Frameworks";
			outputPaths = (
			);
			runOnlyForDeploymentPostprocessing = 0;
			shellPath = /bin/sh;
			shellScript = "\"${SRCROOT}/Pods/Target Support Files/Pods-WebAppShellUITests/Pods-WebAppShellUITests-frameworks.sh\"\n";
			showEnvVarsInLog = 0;
		};
		7905925CE3E4F4B3857CCC66 /* [CP] Copy Pods Resources */ = {
			isa = PBXShellScriptBuildPhase;
			buildActionMask = 2147483647;
			files = (
			);
			inputPaths = (
			);
			name = "[CP] Copy Pods Resources";
			outputPaths = (
			);
			runOnlyForDeploymentPostprocessing = 0;
			shellPath = /bin/sh;
			shellScript = "\"${SRCROOT}/Pods/Target Support Files/Pods-WebAppShellTests/Pods-WebAppShellTests-resources.sh\"\n";
			showEnvVarsInLog = 0;
		};
		9975CF2958D82805D099B6BA /* [CP] Check Pods Manifest.lock */ = {
			isa = PBXShellScriptBuildPhase;
			buildActionMask = 2147483647;
			files = (
			);
			inputPaths = (
			);
			name = "[CP] Check Pods Manifest.lock";
			outputPaths = (
			);
			runOnlyForDeploymentPostprocessing = 0;
			shellPath = /bin/sh;
			shellScript = "diff \"${PODS_ROOT}/../Podfile.lock\" \"${PODS_ROOT}/Manifest.lock\" > /dev/null\nif [ $? != 0 ] ; then\n    # print error to STDERR\n    echo \"error: The sandbox is not in sync with the Podfile.lock. Run 'pod install' or update your CocoaPods installation.\" >&2\n    exit 1\nfi\n";
			showEnvVarsInLog = 0;
		};
		D2368BB54BCEC70319E757F8 /* [CP] Embed Pods Frameworks */ = {
			isa = PBXShellScriptBuildPhase;
			buildActionMask = 2147483647;
			files = (
			);
			inputPaths = (
			);
			name = "[CP] Embed Pods Frameworks";
			outputPaths = (
			);
			runOnlyForDeploymentPostprocessing = 0;
			shellPath = /bin/sh;
			shellScript = "\"${SRCROOT}/Pods/Target Support Files/Pods-WebAppShell/Pods-WebAppShell-frameworks.sh\"\n";
			showEnvVarsInLog = 0;
		};
		D430BDC736CAEFE6ABFE1E9F /* [CP] Copy Pods Resources */ = {
			isa = PBXShellScriptBuildPhase;
			buildActionMask = 2147483647;
			files = (
			);
			inputPaths = (
			);
			name = "[CP] Copy Pods Resources";
			outputPaths = (
			);
			runOnlyForDeploymentPostprocessing = 0;
			shellPath = /bin/sh;
			shellScript = "\"${SRCROOT}/Pods/Target Support Files/Pods-WebAppShellUITests/Pods-WebAppShellUITests-resources.sh\"\n";
			showEnvVarsInLog = 0;
		};
		EFE7B8372C80A209A5069BC9 /* [CP] Copy Pods Resources */ = {
			isa = PBXShellScriptBuildPhase;
			buildActionMask = 2147483647;
			files = (
			);
			inputPaths = (
			);
			name = "[CP] Copy Pods Resources";
			outputPaths = (
			);
			runOnlyForDeploymentPostprocessing = 0;
			shellPath = /bin/sh;
			shellScript = "\"${SRCROOT}/Pods/Target Support Files/Pods-WebAppShell/Pods-WebAppShell-resources.sh\"\n";
			showEnvVarsInLog = 0;
		};
/* End PBXShellScriptBuildPhase section */

/* Begin PBXSourcesBuildPhase section */
		00712CC51EF7B0A300A30777 /* Sources */ = {
			isa = PBXSourcesBuildPhase;
			buildActionMask = 2147483647;
			files = (
				00712D461EF7B0FC00A30777 /* YYUtility.m in Sources */,
				00712D5A1EF7D47900A30777 /* YYLoggerFileCompress.m in Sources */,
				008F65121EFF5645004FC579 /* WABaseAPIReflectionImpl.m in Sources */,
				00712D6C1EF7D6A200A30777 /* NSMutableArray+Safe.m in Sources */,
				00712D411EF7B0FC00A30777 /* PairValue.m in Sources */,
				00712D5C1EF7D47900A30777 /* YYLoggerManager.m in Sources */,
				008F65351EFF5D83004FC579 /* UIView+Loading.m in Sources */,
				008F65381EFF5D9F004FC579 /* YYLoadingToastView.m in Sources */,
				00712D7D1EF7D9C900A30777 /* ZipUtil.m in Sources */,
				00712D6B1EF7D6A200A30777 /* NSDictionary+Safe.m in Sources */,
				008F651E1EFF5645004FC579 /* YYWKWebViewJSBridge.m in Sources */,
				00712D401EF7B0FC00A30777 /* GCDHelper.m in Sources */,
				00712CD11EF7B0A300A30777 /* AppDelegate.m in Sources */,
				00712D6A1EF7D6A200A30777 /* NSArray+Safe.m in Sources */,
				008F65201EFF5645004FC579 /* YYWKWebViewController.m in Sources */,
				00712D5D1EF7D47900A30777 /* YYLoggerUtil.m in Sources */,
				00712D581EF7D47900A30777 /* CommonLog.m in Sources */,
				00712D5B1EF7D47900A30777 /* YYLoggerInternal.m in Sources */,
				00712D721EF7D6EA00A30777 /* UIView+Toast.m in Sources */,
				008F65291EFF5AB2004FC579 /* YYViewController.m in Sources */,
				00712D871EF7DEE700A30777 /* YYLogger.m in Sources */,
				00712D6D1EF7D6A200A30777 /* NSMutableDictionary+Safe.m in Sources */,
				00712D491EF7B13300A30777 /* AppConfig.m in Sources */,
				008F65151EFF5645004FC579 /* WAUserInterfaceAPI.m in Sources */,
				00712D851EF7DA4700A30777 /* UIColor+ColorUtil.m in Sources */,
				008F653B1EFF5DF6004FC579 /* YYViewControllerCenter.m in Sources */,
				008F65111EFF5645004FC579 /* NSURL+Parameters.m in Sources */,
				00712D441EF7B0FC00A30777 /* YYUtility+Carrier.m in Sources */,
				008F651B1EFF5645004FC579 /* YYWKWebView.m in Sources */,
				008F65181EFF5645004FC579 /* YYWebAppFramework.m in Sources */,
				00712CCE1EF7B0A300A30777 /* main.m in Sources */,
				00712D811EF7D9F000A30777 /* CommonFileUtils.m in Sources */,
				008F652F1EFF5C6E004FC579 /* UIViewUtils.m in Sources */,
				00712D6E1EF7D6A200A30777 /* NSString+SafeSubstring.m in Sources */,
				008F65321EFF5D52004FC579 /* UIViewController+YYViewControllers.m in Sources */,
				00712D421EF7B0FC00A30777 /* SafeTimer.m in Sources */,
				008F651A1EFF5645004FC579 /* WebViewJavascriptBridgeAbstract.m in Sources */,
				00712D431EF7B0FC00A30777 /* YYUtility+App.m in Sources */,
				00712D451EF7B0FC00A30777 /* YYUtility+Device.m in Sources */,
			);
			runOnlyForDeploymentPostprocessing = 0;
		};
		00712CDE1EF7B0A300A30777 /* Sources */ = {
			isa = PBXSourcesBuildPhase;
			buildActionMask = 2147483647;
			files = (
				00712CE71EF7B0A300A30777 /* WebAppShellTests.m in Sources */,
			);
			runOnlyForDeploymentPostprocessing = 0;
		};
		00712CE91EF7B0A300A30777 /* Sources */ = {
			isa = PBXSourcesBuildPhase;
			buildActionMask = 2147483647;
			files = (
				00712CF21EF7B0A300A30777 /* WebAppShellUITests.m in Sources */,
			);
			runOnlyForDeploymentPostprocessing = 0;
		};
/* End PBXSourcesBuildPhase section */

/* Begin PBXTargetDependency section */
		00712CE41EF7B0A300A30777 /* PBXTargetDependency */ = {
			isa = PBXTargetDependency;
			target = 00712CC81EF7B0A300A30777 /* WebAppShell */;
			targetProxy = 00712CE31EF7B0A300A30777 /* PBXContainerItemProxy */;
		};
		00712CEF1EF7B0A300A30777 /* PBXTargetDependency */ = {
			isa = PBXTargetDependency;
			target = 00712CC81EF7B0A300A30777 /* WebAppShell */;
			targetProxy = 00712CEE1EF7B0A300A30777 /* PBXContainerItemProxy */;
		};
/* End PBXTargetDependency section */

/* Begin PBXVariantGroup section */
		00712CDA1EF7B0A300A30777 /* LaunchScreen.storyboard */ = {
			isa = PBXVariantGroup;
			children = (
				00712CDB1EF7B0A300A30777 /* Base */,
			);
			name = LaunchScreen.storyboard;
			sourceTree = "<group>";
		};
/* End PBXVariantGroup section */

/* Begin XCBuildConfiguration section */
		00712CF41EF7B0A300A30777 /* Debug */ = {
			isa = XCBuildConfiguration;
			buildSettings = {
				ALWAYS_SEARCH_USER_PATHS = NO;
				CLANG_ANALYZER_NONNULL = YES;
				CLANG_ANALYZER_NUMBER_OBJECT_CONVERSION = YES_AGGRESSIVE;
				CLANG_CXX_LANGUAGE_STANDARD = "gnu++0x";
				CLANG_CXX_LIBRARY = "libc++";
				CLANG_ENABLE_MODULES = YES;
				CLANG_ENABLE_OBJC_ARC = YES;
				CLANG_WARN_BOOL_CONVERSION = YES;
				CLANG_WARN_CONSTANT_CONVERSION = YES;
				CLANG_WARN_DIRECT_OBJC_ISA_USAGE = YES_ERROR;
				CLANG_WARN_DOCUMENTATION_COMMENTS = YES;
				CLANG_WARN_EMPTY_BODY = YES;
				CLANG_WARN_ENUM_CONVERSION = YES;
				CLANG_WARN_INFINITE_RECURSION = YES;
				CLANG_WARN_INT_CONVERSION = YES;
				CLANG_WARN_OBJC_ROOT_CLASS = YES_ERROR;
				CLANG_WARN_SUSPICIOUS_MOVE = YES;
				CLANG_WARN_UNREACHABLE_CODE = YES;
				CLANG_WARN__DUPLICATE_METHOD_MATCH = YES;
				"CODE_SIGN_IDENTITY[sdk=iphoneos*]" = "iPhone Developer";
				COPY_PHASE_STRIP = NO;
				DEBUG_INFORMATION_FORMAT = dwarf;
				ENABLE_STRICT_OBJC_MSGSEND = YES;
				ENABLE_TESTABILITY = YES;
				GCC_C_LANGUAGE_STANDARD = gnu99;
				GCC_DYNAMIC_NO_PIC = NO;
				GCC_NO_COMMON_BLOCKS = YES;
				GCC_OPTIMIZATION_LEVEL = 0;
				GCC_PREPROCESSOR_DEFINITIONS = (
					"DEBUG=1",
					"$(inherited)",
				);
				GCC_WARN_64_TO_32_BIT_CONVERSION = YES;
				GCC_WARN_ABOUT_RETURN_TYPE = YES_ERROR;
				GCC_WARN_UNDECLARED_SELECTOR = YES;
				GCC_WARN_UNINITIALIZED_AUTOS = YES_AGGRESSIVE;
				GCC_WARN_UNUSED_FUNCTION = YES;
				GCC_WARN_UNUSED_VARIABLE = YES;
				IPHONEOS_DEPLOYMENT_TARGET = 10.3;
				MTL_ENABLE_DEBUG_INFO = YES;
				ONLY_ACTIVE_ARCH = YES;
				SDKROOT = iphoneos;
				TARGETED_DEVICE_FAMILY = "1,2";
			};
			name = Debug;
		};
		00712CF51EF7B0A300A30777 /* Release */ = {
			isa = XCBuildConfiguration;
			buildSettings = {
				ALWAYS_SEARCH_USER_PATHS = NO;
				CLANG_ANALYZER_NONNULL = YES;
				CLANG_ANALYZER_NUMBER_OBJECT_CONVERSION = YES_AGGRESSIVE;
				CLANG_CXX_LANGUAGE_STANDARD = "gnu++0x";
				CLANG_CXX_LIBRARY = "libc++";
				CLANG_ENABLE_MODULES = YES;
				CLANG_ENABLE_OBJC_ARC = YES;
				CLANG_WARN_BOOL_CONVERSION = YES;
				CLANG_WARN_CONSTANT_CONVERSION = YES;
				CLANG_WARN_DIRECT_OBJC_ISA_USAGE = YES_ERROR;
				CLANG_WARN_DOCUMENTATION_COMMENTS = YES;
				CLANG_WARN_EMPTY_BODY = YES;
				CLANG_WARN_ENUM_CONVERSION = YES;
				CLANG_WARN_INFINITE_RECURSION = YES;
				CLANG_WARN_INT_CONVERSION = YES;
				CLANG_WARN_OBJC_ROOT_CLASS = YES_ERROR;
				CLANG_WARN_SUSPICIOUS_MOVE = YES;
				CLANG_WARN_UNREACHABLE_CODE = YES;
				CLANG_WARN__DUPLICATE_METHOD_MATCH = YES;
				"CODE_SIGN_IDENTITY[sdk=iphoneos*]" = "iPhone Developer";
				COPY_PHASE_STRIP = NO;
				DEBUG_INFORMATION_FORMAT = "dwarf-with-dsym";
				ENABLE_NS_ASSERTIONS = NO;
				ENABLE_STRICT_OBJC_MSGSEND = YES;
				GCC_C_LANGUAGE_STANDARD = gnu99;
				GCC_NO_COMMON_BLOCKS = YES;
				GCC_WARN_64_TO_32_BIT_CONVERSION = YES;
				GCC_WARN_ABOUT_RETURN_TYPE = YES_ERROR;
				GCC_WARN_UNDECLARED_SELECTOR = YES;
				GCC_WARN_UNINITIALIZED_AUTOS = YES_AGGRESSIVE;
				GCC_WARN_UNUSED_FUNCTION = YES;
				GCC_WARN_UNUSED_VARIABLE = YES;
				IPHONEOS_DEPLOYMENT_TARGET = 10.3;
				MTL_ENABLE_DEBUG_INFO = NO;
				SDKROOT = iphoneos;
				TARGETED_DEVICE_FAMILY = "1,2";
				VALIDATE_PRODUCT = YES;
			};
			name = Release;
		};
		00712CF71EF7B0A300A30777 /* Debug */ = {
			isa = XCBuildConfiguration;
			baseConfigurationReference = 1C64EB414A454D5DEA32B7D7 /* Pods-WebAppShell.debug.xcconfig */;
			buildSettings = {
				ASSETCATALOG_COMPILER_APPICON_NAME = AppIcon;
				DEVELOPMENT_TEAM = 2DF7TAE5CB;
				GCC_PREFIX_HEADER = "WebAppShell/WebAppShell-Prefix.pch";
				INFOPLIST_FILE = WebAppShell/Info.plist;
				LD_RUNPATH_SEARCH_PATHS = "$(inherited) @executable_path/Frameworks";
				ONLY_ACTIVE_ARCH = NO;
				PRODUCT_BUNDLE_IDENTIFIER = ting.wu.WebAppShell;
				PRODUCT_NAME = "$(TARGET_NAME)";
			};
			name = Debug;
		};
		00712CF81EF7B0A300A30777 /* Release */ = {
			isa = XCBuildConfiguration;
			baseConfigurationReference = 9F84BB80B45682657247DAC1 /* Pods-WebAppShell.release.xcconfig */;
			buildSettings = {
				ASSETCATALOG_COMPILER_APPICON_NAME = AppIcon;
				DEVELOPMENT_TEAM = 2DF7TAE5CB;
				GCC_PREFIX_HEADER = "WebAppShell/WebAppShell-Prefix.pch";
				INFOPLIST_FILE = WebAppShell/Info.plist;
				LD_RUNPATH_SEARCH_PATHS = "$(inherited) @executable_path/Frameworks";
				ONLY_ACTIVE_ARCH = NO;
				PRODUCT_BUNDLE_IDENTIFIER = ting.wu.WebAppShell;
				PRODUCT_NAME = "$(TARGET_NAME)";
			};
			name = Release;
		};
		00712CFA1EF7B0A300A30777 /* Debug */ = {
			isa = XCBuildConfiguration;
			baseConfigurationReference = 6C1B9EA4C964DB937789358F /* Pods-WebAppShellTests.debug.xcconfig */;
			buildSettings = {
				BUNDLE_LOADER = "$(TEST_HOST)";
				DEVELOPMENT_TEAM = 2DF7TAE5CB;
				INFOPLIST_FILE = WebAppShellTests/Info.plist;
				LD_RUNPATH_SEARCH_PATHS = "$(inherited) @executable_path/Frameworks @loader_path/Frameworks";
				PRODUCT_BUNDLE_IDENTIFIER = ting.wu.WebAppShellTests;
				PRODUCT_NAME = "$(TARGET_NAME)";
				TEST_HOST = "$(BUILT_PRODUCTS_DIR)/WebAppShell.app/WebAppShell";
			};
			name = Debug;
		};
		00712CFB1EF7B0A300A30777 /* Release */ = {
			isa = XCBuildConfiguration;
			baseConfigurationReference = 39D2FF9955FA6C2DFB447845 /* Pods-WebAppShellTests.release.xcconfig */;
			buildSettings = {
				BUNDLE_LOADER = "$(TEST_HOST)";
				DEVELOPMENT_TEAM = 2DF7TAE5CB;
				INFOPLIST_FILE = WebAppShellTests/Info.plist;
				LD_RUNPATH_SEARCH_PATHS = "$(inherited) @executable_path/Frameworks @loader_path/Frameworks";
				PRODUCT_BUNDLE_IDENTIFIER = ting.wu.WebAppShellTests;
				PRODUCT_NAME = "$(TARGET_NAME)";
				TEST_HOST = "$(BUILT_PRODUCTS_DIR)/WebAppShell.app/WebAppShell";
			};
			name = Release;
		};
		00712CFD1EF7B0A300A30777 /* Debug */ = {
			isa = XCBuildConfiguration;
			baseConfigurationReference = D8FB858F66F678C8A33D1499 /* Pods-WebAppShellUITests.debug.xcconfig */;
			buildSettings = {
				DEVELOPMENT_TEAM = 2DF7TAE5CB;
				INFOPLIST_FILE = WebAppShellUITests/Info.plist;
				LD_RUNPATH_SEARCH_PATHS = "$(inherited) @executable_path/Frameworks @loader_path/Frameworks";
				PRODUCT_BUNDLE_IDENTIFIER = ting.wu.WebAppShellUITests;
				PRODUCT_NAME = "$(TARGET_NAME)";
				TEST_TARGET_NAME = WebAppShell;
			};
			name = Debug;
		};
		00712CFE1EF7B0A300A30777 /* Release */ = {
			isa = XCBuildConfiguration;
			baseConfigurationReference = 9BFE237C33C2629749BC6C8D /* Pods-WebAppShellUITests.release.xcconfig */;
			buildSettings = {
				DEVELOPMENT_TEAM = 2DF7TAE5CB;
				INFOPLIST_FILE = WebAppShellUITests/Info.plist;
				LD_RUNPATH_SEARCH_PATHS = "$(inherited) @executable_path/Frameworks @loader_path/Frameworks";
				PRODUCT_BUNDLE_IDENTIFIER = ting.wu.WebAppShellUITests;
				PRODUCT_NAME = "$(TARGET_NAME)";
				TEST_TARGET_NAME = WebAppShell;
			};
			name = Release;
		};
/* End XCBuildConfiguration section */

/* Begin XCConfigurationList section */
		00712CC41EF7B0A300A30777 /* Build configuration list for PBXProject "WebAppShell" */ = {
			isa = XCConfigurationList;
			buildConfigurations = (
				00712CF41EF7B0A300A30777 /* Debug */,
				00712CF51EF7B0A300A30777 /* Release */,
			);
			defaultConfigurationIsVisible = 0;
			defaultConfigurationName = Release;
		};
		00712CF61EF7B0A300A30777 /* Build configuration list for PBXNativeTarget "WebAppShell" */ = {
			isa = XCConfigurationList;
			buildConfigurations = (
				00712CF71EF7B0A300A30777 /* Debug */,
				00712CF81EF7B0A300A30777 /* Release */,
			);
			defaultConfigurationIsVisible = 0;
			defaultConfigurationName = Release;
		};
		00712CF91EF7B0A300A30777 /* Build configuration list for PBXNativeTarget "WebAppShellTests" */ = {
			isa = XCConfigurationList;
			buildConfigurations = (
				00712CFA1EF7B0A300A30777 /* Debug */,
				00712CFB1EF7B0A300A30777 /* Release */,
			);
			defaultConfigurationIsVisible = 0;
			defaultConfigurationName = Release;
		};
		00712CFC1EF7B0A300A30777 /* Build configuration list for PBXNativeTarget "WebAppShellUITests" */ = {
			isa = XCConfigurationList;
			buildConfigurations = (
				00712CFD1EF7B0A300A30777 /* Debug */,
				00712CFE1EF7B0A300A30777 /* Release */,
			);
			defaultConfigurationIsVisible = 0;
			defaultConfigurationName = Release;
		};
/* End XCConfigurationList section */
	};
	rootObject = 00712CC11EF7B0A300A30777 /* Project object */;
}
